// !$*UTF8*$!
{
	archiveVersion = 1;
	classes = {
	};
	objectVersion = 55;
	objects = {

/* Begin PBXBuildFile section */
		4432C45D28B51046009F7F9F /* Player.swift in Sources */ = {isa = PBXBuildFile; fileRef = 4432C45C28B51046009F7F9F /* Player.swift */; };
		4432C45F28B511ED009F7F9F /* Game.swift in Sources */ = {isa = PBXBuildFile; fileRef = 4432C45E28B511ED009F7F9F /* Game.swift */; };
		4432C46128B518A1009F7F9F /* PlayerModel.swift in Sources */ = {isa = PBXBuildFile; fileRef = 4432C46028B518A1009F7F9F /* PlayerModel.swift */; };
		44BA413C28B36F4D00709ADA /* ChinesePoker2App.swift in Sources */ = {isa = PBXBuildFile; fileRef = 44BA413B28B36F4D00709ADA /* ChinesePoker2App.swift */; };
		44BA413E28B36F4D00709ADA /* PlayView.swift in Sources */ = {isa = PBXBuildFile; fileRef = 44BA413D28B36F4D00709ADA /* PlayView.swift */; };
		44BA414028B36F4F00709ADA /* Assets.xcassets in Resources */ = {isa = PBXBuildFile; fileRef = 44BA413F28B36F4F00709ADA /* Assets.xcassets */; };
		44BA414328B36F4F00709ADA /* Preview Assets.xcassets in Resources */ = {isa = PBXBuildFile; fileRef = 44BA414228B36F4F00709ADA /* Preview Assets.xcassets */; };
		44BA414D28B3774600709ADA /* Card.swift in Sources */ = {isa = PBXBuildFile; fileRef = 44BA414C28B3774600709ADA /* Card.swift */; };
		44D0857D28B39C4E00DE15D7 /* DropViewDelegate.swift in Sources */ = {isa = PBXBuildFile; fileRef = 44D0857C28B39C4E00DE15D7 /* DropViewDelegate.swift */; };
		44D0857F28B39F0800DE15D7 /* CardModel.swift in Sources */ = {isa = PBXBuildFile; fileRef = 44D0857E28B39F0800DE15D7 /* CardModel.swift */; };
		44D617B528B51EAB00F576C1 /* MainView.swift in Sources */ = {isa = PBXBuildFile; fileRef = 44D617B428B51EAB00F576C1 /* MainView.swift */; };
		44EA835F28B78D8E00375F9B /* GameModel.swift in Sources */ = {isa = PBXBuildFile; fileRef = 44EA835E28B78D8E00375F9B /* GameModel.swift */; };
		44EA836228B7938100375F9B /* SortDeck.swift in Sources */ = {isa = PBXBuildFile; fileRef = 44EA836128B7938100375F9B /* SortDeck.swift */; };
/* End PBXBuildFile section */

/* Begin PBXFileReference section */
		4432C45C28B51046009F7F9F /* Player.swift */ = {isa = PBXFileReference; lastKnownFileType = sourcecode.swift; path = Player.swift; sourceTree = "<group>"; };
		4432C45E28B511ED009F7F9F /* Game.swift */ = {isa = PBXFileReference; lastKnownFileType = sourcecode.swift; path = Game.swift; sourceTree = "<group>"; };
		4432C46028B518A1009F7F9F /* PlayerModel.swift */ = {isa = PBXFileReference; lastKnownFileType = sourcecode.swift; path = PlayerModel.swift; sourceTree = "<group>"; };
		44BA413828B36F4D00709ADA /* ChinesePoker2.app */ = {isa = PBXFileReference; explicitFileType = wrapper.application; includeInIndex = 0; path = ChinesePoker2.app; sourceTree = BUILT_PRODUCTS_DIR; };
		44BA413B28B36F4D00709ADA /* ChinesePoker2App.swift */ = {isa = PBXFileReference; lastKnownFileType = sourcecode.swift; path = ChinesePoker2App.swift; sourceTree = "<group>"; };
		44BA413D28B36F4D00709ADA /* PlayView.swift */ = {isa = PBXFileReference; lastKnownFileType = sourcecode.swift; path = PlayView.swift; sourceTree = "<group>"; };
		44BA413F28B36F4F00709ADA /* Assets.xcassets */ = {isa = PBXFileReference; lastKnownFileType = folder.assetcatalog; path = Assets.xcassets; sourceTree = "<group>"; };
		44BA414228B36F4F00709ADA /* Preview Assets.xcassets */ = {isa = PBXFileReference; lastKnownFileType = folder.assetcatalog; path = "Preview Assets.xcassets"; sourceTree = "<group>"; };
		44BA414C28B3774600709ADA /* Card.swift */ = {isa = PBXFileReference; lastKnownFileType = sourcecode.swift; path = Card.swift; sourceTree = "<group>"; };
		44D0857C28B39C4E00DE15D7 /* DropViewDelegate.swift */ = {isa = PBXFileReference; lastKnownFileType = sourcecode.swift; path = DropViewDelegate.swift; sourceTree = "<group>"; };
		44D0857E28B39F0800DE15D7 /* CardModel.swift */ = {isa = PBXFileReference; lastKnownFileType = sourcecode.swift; path = CardModel.swift; sourceTree = "<group>"; };
		44D617B428B51EAB00F576C1 /* MainView.swift */ = {isa = PBXFileReference; lastKnownFileType = sourcecode.swift; path = MainView.swift; sourceTree = "<group>"; };
		44EA835E28B78D8E00375F9B /* GameModel.swift */ = {isa = PBXFileReference; lastKnownFileType = sourcecode.swift; path = GameModel.swift; sourceTree = "<group>"; };
		44EA836128B7938100375F9B /* SortDeck.swift */ = {isa = PBXFileReference; lastKnownFileType = sourcecode.swift; path = SortDeck.swift; sourceTree = "<group>"; };
/* End PBXFileReference section */

/* Begin PBXFrameworksBuildPhase section */
		44BA413528B36F4D00709ADA /* Frameworks */ = {
			isa = PBXFrameworksBuildPhase;
			buildActionMask = 2147483647;
			files = (
			);
			runOnlyForDeploymentPostprocessing = 0;
		};
/* End PBXFrameworksBuildPhase section */

/* Begin PBXGroup section */
		44BA412F28B36F4D00709ADA = {
			isa = PBXGroup;
			children = (
				44BA413A28B36F4D00709ADA /* ChinesePoker2 */,
				44BA413928B36F4D00709ADA /* Products */,
			);
			sourceTree = "<group>";
		};
		44BA413928B36F4D00709ADA /* Products */ = {
			isa = PBXGroup;
			children = (
				44BA413828B36F4D00709ADA /* ChinesePoker2.app */,
			);
			name = Products;
			sourceTree = "<group>";
		};
		44BA413A28B36F4D00709ADA /* ChinesePoker2 */ = {
			isa = PBXGroup;
			children = (
				44EA836028B7936800375F9B /* Utils */,
				44BA414B28B376C000709ADA /* ViewModels */,
				44BA414A28B376BA00709ADA /* Views */,
				44BA414928B376B300709ADA /* Models */,
				44BA413B28B36F4D00709ADA /* ChinesePoker2App.swift */,
				44BA413F28B36F4F00709ADA /* Assets.xcassets */,
				44BA414128B36F4F00709ADA /* Preview Content */,
			);
			path = ChinesePoker2;
			sourceTree = "<group>";
		};
		44BA414128B36F4F00709ADA /* Preview Content */ = {
			isa = PBXGroup;
			children = (
				44BA414228B36F4F00709ADA /* Preview Assets.xcassets */,
			);
			path = "Preview Content";
			sourceTree = "<group>";
		};
		44BA414928B376B300709ADA /* Models */ = {
			isa = PBXGroup;
			children = (
				44BA414C28B3774600709ADA /* Card.swift */,
				4432C45C28B51046009F7F9F /* Player.swift */,
				4432C45E28B511ED009F7F9F /* Game.swift */,
			);
			path = Models;
			sourceTree = "<group>";
		};
		44BA414A28B376BA00709ADA /* Views */ = {
			isa = PBXGroup;
			children = (
				44BA413D28B36F4D00709ADA /* PlayView.swift */,
				44D617B428B51EAB00F576C1 /* MainView.swift */,
			);
			path = Views;
			sourceTree = "<group>";
		};
		44BA414B28B376C000709ADA /* ViewModels */ = {
			isa = PBXGroup;
			children = (
				44D0857C28B39C4E00DE15D7 /* DropViewDelegate.swift */,
				44D0857E28B39F0800DE15D7 /* CardModel.swift */,
				4432C46028B518A1009F7F9F /* PlayerModel.swift */,
				44EA835E28B78D8E00375F9B /* GameModel.swift */,
			);
			path = ViewModels;
			sourceTree = "<group>";
		};
		44EA836028B7936800375F9B /* Utils */ = {
			isa = PBXGroup;
			children = (
				44EA836128B7938100375F9B /* SortDeck.swift */,
			);
			path = Utils;
			sourceTree = "<group>";
		};
/* End PBXGroup section */

/* Begin PBXNativeTarget section */
		44BA413728B36F4D00709ADA /* ChinesePoker2 */ = {
			isa = PBXNativeTarget;
			buildConfigurationList = 44BA414628B36F4F00709ADA /* Build configuration list for PBXNativeTarget "ChinesePoker2" */;
			buildPhases = (
				44BA413428B36F4D00709ADA /* Sources */,
				44BA413528B36F4D00709ADA /* Frameworks */,
				44BA413628B36F4D00709ADA /* Resources */,
			);
			buildRules = (
			);
			dependencies = (
			);
			name = ChinesePoker2;
			productName = ChinesePoker2;
			productReference = 44BA413828B36F4D00709ADA /* ChinesePoker2.app */;
			productType = "com.apple.product-type.application";
		};
/* End PBXNativeTarget section */

/* Begin PBXProject section */
		44BA413028B36F4D00709ADA /* Project object */ = {
			isa = PBXProject;
			attributes = {
				BuildIndependentTargetsInParallel = 1;
				LastSwiftUpdateCheck = 1340;
				LastUpgradeCheck = 1340;
				TargetAttributes = {
					44BA413728B36F4D00709ADA = {
						CreatedOnToolsVersion = 13.4.1;
					};
				};
			};
			buildConfigurationList = 44BA413328B36F4D00709ADA /* Build configuration list for PBXProject "ChinesePoker2" */;
			compatibilityVersion = "Xcode 13.0";
			developmentRegion = en;
			hasScannedForEncodings = 0;
			knownRegions = (
				en,
				Base,
			);
			mainGroup = 44BA412F28B36F4D00709ADA;
			productRefGroup = 44BA413928B36F4D00709ADA /* Products */;
			projectDirPath = "";
			projectRoot = "";
			targets = (
				44BA413728B36F4D00709ADA /* ChinesePoker2 */,
			);
		};
/* End PBXProject section */

/* Begin PBXResourcesBuildPhase section */
		44BA413628B36F4D00709ADA /* Resources */ = {
			isa = PBXResourcesBuildPhase;
			buildActionMask = 2147483647;
			files = (
				44BA414328B36F4F00709ADA /* Preview Assets.xcassets in Resources */,
				44BA414028B36F4F00709ADA /* Assets.xcassets in Resources */,
			);
			runOnlyForDeploymentPostprocessing = 0;
		};
/* End PBXResourcesBuildPhase section */

/* Begin PBXSourcesBuildPhase section */
		44BA413428B36F4D00709ADA /* Sources */ = {
			isa = PBXSourcesBuildPhase;
			buildActionMask = 2147483647;
			files = (
				44D0857D28B39C4E00DE15D7 /* DropViewDelegate.swift in Sources */,
				44D617B528B51EAB00F576C1 /* MainView.swift in Sources */,
				4432C46128B518A1009F7F9F /* PlayerModel.swift in Sources */,
				44BA413E28B36F4D00709ADA /* PlayView.swift in Sources */,
				4432C45F28B511ED009F7F9F /* Game.swift in Sources */,
				44EA835F28B78D8E00375F9B /* GameModel.swift in Sources */,
				44BA414D28B3774600709ADA /* Card.swift in Sources */,
				44BA413C28B36F4D00709ADA /* ChinesePoker2App.swift in Sources */,
				44EA836228B7938100375F9B /* SortDeck.swift in Sources */,
				4432C45D28B51046009F7F9F /* Player.swift in Sources */,
				44D0857F28B39F0800DE15D7 /* CardModel.swift in Sources */,
			);
			runOnlyForDeploymentPostprocessing = 0;
		};
/* End PBXSourcesBuildPhase section */

/* Begin XCBuildConfiguration section */
		44BA414428B36F4F00709ADA /* Debug */ = {
			isa = XCBuildConfiguration;
			buildSettings = {
				ALWAYS_SEARCH_USER_PATHS = NO;
				CLANG_ANALYZER_NONNULL = YES;
				CLANG_ANALYZER_NUMBER_OBJECT_CONVERSION = YES_AGGRESSIVE;
				CLANG_CXX_LANGUAGE_STANDARD = "gnu++17";
				CLANG_ENABLE_MODULES = YES;
				CLANG_ENABLE_OBJC_ARC = YES;
				CLANG_ENABLE_OBJC_WEAK = YES;
				CLANG_WARN_BLOCK_CAPTURE_AUTORELEASING = YES;
				CLANG_WARN_BOOL_CONVERSION = YES;
				CLANG_WARN_COMMA = YES;
				CLANG_WARN_CONSTANT_CONVERSION = YES;
				CLANG_WARN_DEPRECATED_OBJC_IMPLEMENTATIONS = YES;
				CLANG_WARN_DIRECT_OBJC_ISA_USAGE = YES_ERROR;
				CLANG_WARN_DOCUMENTATION_COMMENTS = YES;
				CLANG_WARN_EMPTY_BODY = YES;
				CLANG_WARN_ENUM_CONVERSION = YES;
				CLANG_WARN_INFINITE_RECURSION = YES;
				CLANG_WARN_INT_CONVERSION = YES;
				CLANG_WARN_NON_LITERAL_NULL_CONVERSION = YES;
				CLANG_WARN_OBJC_IMPLICIT_RETAIN_SELF = YES;
				CLANG_WARN_OBJC_LITERAL_CONVERSION = YES;
				CLANG_WARN_OBJC_ROOT_CLASS = YES_ERROR;
				CLANG_WARN_QUOTED_INCLUDE_IN_FRAMEWORK_HEADER = YES;
				CLANG_WARN_RANGE_LOOP_ANALYSIS = YES;
				CLANG_WARN_STRICT_PROTOTYPES = YES;
				CLANG_WARN_SUSPICIOUS_MOVE = YES;
				CLANG_WARN_UNGUARDED_AVAILABILITY = YES_AGGRESSIVE;
				CLANG_WARN_UNREACHABLE_CODE = YES;
				CLANG_WARN__DUPLICATE_METHOD_MATCH = YES;
				COPY_PHASE_STRIP = NO;
				DEBUG_INFORMATION_FORMAT = dwarf;
				ENABLE_STRICT_OBJC_MSGSEND = YES;
				ENABLE_TESTABILITY = YES;
				GCC_C_LANGUAGE_STANDARD = gnu11;
				GCC_DYNAMIC_NO_PIC = NO;
				GCC_NO_COMMON_BLOCKS = YES;
				GCC_OPTIMIZATION_LEVEL = 0;
				GCC_PREPROCESSOR_DEFINITIONS = (
					"DEBUG=1",
					"$(inherited)",
				);
				GCC_WARN_64_TO_32_BIT_CONVERSION = YES;
				GCC_WARN_ABOUT_RETURN_TYPE = YES_ERROR;
				GCC_WARN_UNDECLARED_SELECTOR = YES;
				GCC_WARN_UNINITIALIZED_AUTOS = YES_AGGRESSIVE;
				GCC_WARN_UNUSED_FUNCTION = YES;
				GCC_WARN_UNUSED_VARIABLE = YES;
				IPHONEOS_DEPLOYMENT_TARGET = 15.5;
				MTL_ENABLE_DEBUG_INFO = INCLUDE_SOURCE;
				MTL_FAST_MATH = YES;
				ONLY_ACTIVE_ARCH = YES;
				SDKROOT = iphoneos;
				SWIFT_ACTIVE_COMPILATION_CONDITIONS = DEBUG;
				SWIFT_OPTIMIZATION_LEVEL = "-Onone";
			};
			name = Debug;
		};
		44BA414528B36F4F00709ADA /* Release */ = {
			isa = XCBuildConfiguration;
			buildSettings = {
				ALWAYS_SEARCH_USER_PATHS = NO;
				CLANG_ANALYZER_NONNULL = YES;
				CLANG_ANALYZER_NUMBER_OBJECT_CONVERSION = YES_AGGRESSIVE;
				CLANG_CXX_LANGUAGE_STANDARD = "gnu++17";
				CLANG_ENABLE_MODULES = YES;
				CLANG_ENABLE_OBJC_ARC = YES;
				CLANG_ENABLE_OBJC_WEAK = YES;
				CLANG_WARN_BLOCK_CAPTURE_AUTORELEASING = YES;
				CLANG_WARN_BOOL_CONVERSION = YES;
				CLANG_WARN_COMMA = YES;
				CLANG_WARN_CONSTANT_CONVERSION = YES;
				CLANG_WARN_DEPRECATED_OBJC_IMPLEMENTATIONS = YES;
				CLANG_WARN_DIRECT_OBJC_ISA_USAGE = YES_ERROR;
				CLANG_WARN_DOCUMENTATION_COMMENTS = YES;
				CLANG_WARN_EMPTY_BODY = YES;
				CLANG_WARN_ENUM_CONVERSION = YES;
				CLANG_WARN_INFINITE_RECURSION = YES;
				CLANG_WARN_INT_CONVERSION = YES;
				CLANG_WARN_NON_LITERAL_NULL_CONVERSION = YES;
				CLANG_WARN_OBJC_IMPLICIT_RETAIN_SELF = YES;
				CLANG_WARN_OBJC_LITERAL_CONVERSION = YES;
				CLANG_WARN_OBJC_ROOT_CLASS = YES_ERROR;
				CLANG_WARN_QUOTED_INCLUDE_IN_FRAMEWORK_HEADER = YES;
				CLANG_WARN_RANGE_LOOP_ANALYSIS = YES;
				CLANG_WARN_STRICT_PROTOTYPES = YES;
				CLANG_WARN_SUSPICIOUS_MOVE = YES;
				CLANG_WARN_UNGUARDED_AVAILABILITY = YES_AGGRESSIVE;
				CLANG_WARN_UNREACHABLE_CODE = YES;
				CLANG_WARN__DUPLICATE_METHOD_MATCH = YES;
				COPY_PHASE_STRIP = NO;
				DEBUG_INFORMATION_FORMAT = "dwarf-with-dsym";
				ENABLE_NS_ASSERTIONS = NO;
				ENABLE_STRICT_OBJC_MSGSEND = YES;
				GCC_C_LANGUAGE_STANDARD = gnu11;
				GCC_NO_COMMON_BLOCKS = YES;
				GCC_WARN_64_TO_32_BIT_CONVERSION = YES;
				GCC_WARN_ABOUT_RETURN_TYPE = YES_ERROR;
				GCC_WARN_UNDECLARED_SELECTOR = YES;
				GCC_WARN_UNINITIALIZED_AUTOS = YES_AGGRESSIVE;
				GCC_WARN_UNUSED_FUNCTION = YES;
				GCC_WARN_UNUSED_VARIABLE = YES;
				IPHONEOS_DEPLOYMENT_TARGET = 15.5;
				MTL_ENABLE_DEBUG_INFO = NO;
				MTL_FAST_MATH = YES;
				SDKROOT = iphoneos;
				SWIFT_COMPILATION_MODE = wholemodule;
				SWIFT_OPTIMIZATION_LEVEL = "-O";
				VALIDATE_PRODUCT = YES;
			};
			name = Release;
		};
		44BA414728B36F4F00709ADA /* Debug */ = {
			isa = XCBuildConfiguration;
			buildSettings = {
				ASSETCATALOG_COMPILER_APPICON_NAME = AppIcon;
				ASSETCATALOG_COMPILER_GLOBAL_ACCENT_COLOR_NAME = AccentColor;
				CODE_SIGN_STYLE = Automatic;
				CURRENT_PROJECT_VERSION = 1;
				DEVELOPMENT_ASSET_PATHS = "\"ChinesePoker2/Preview Content\"";
				DEVELOPMENT_TEAM = 5HA7S7MUDX;
				ENABLE_PREVIEWS = YES;
				GENERATE_INFOPLIST_FILE = YES;
				INFOPLIST_KEY_UIApplicationSceneManifest_Generation = YES;
				INFOPLIST_KEY_UIApplicationSupportsIndirectInputEvents = YES;
				INFOPLIST_KEY_UILaunchScreen_Generation = YES;
				INFOPLIST_KEY_UISupportedInterfaceOrientations = "UIInterfaceOrientationLandscapeLeft UIInterfaceOrientationLandscapeRight UIInterfaceOrientationPortrait";
				INFOPLIST_KEY_UISupportedInterfaceOrientations_iPad = "UIInterfaceOrientationPortrait UIInterfaceOrientationPortraitUpsideDown UIInterfaceOrientationLandscapeLeft UIInterfaceOrientationLandscapeRight";
				INFOPLIST_KEY_UISupportedInterfaceOrientations_iPhone = "UIInterfaceOrientationPortrait UIInterfaceOrientationLandscapeLeft UIInterfaceOrientationLandscapeRight";
				LD_RUNPATH_SEARCH_PATHS = (
					"$(inherited)",
					"@executable_path/Frameworks",
				);
				MARKETING_VERSION = 1.0;
				PRODUCT_BUNDLE_IDENTIFIER = huyne.ChinesePoker2;
				PRODUCT_NAME = "$(TARGET_NAME)";
				SWIFT_EMIT_LOC_STRINGS = YES;
				SWIFT_VERSION = 5.0;
				TARGETED_DEVICE_FAMILY = "1,2";
			};
			name = Debug;
		};
		44BA414828B36F4F00709ADA /* Release */ = {
			isa = XCBuildConfiguration;
			buildSettings = {
				ASSETCATALOG_COMPILER_APPICON_NAME = AppIcon;
				ASSETCATALOG_COMPILER_GLOBAL_ACCENT_COLOR_NAME = AccentColor;
				CODE_SIGN_STYLE = Automatic;
				CURRENT_PROJECT_VERSION = 1;
				DEVELOPMENT_ASSET_PATHS = "\"ChinesePoker2/Preview Content\"";
				DEVELOPMENT_TEAM = 5HA7S7MUDX;
				ENABLE_PREVIEWS = YES;
				GENERATE_INFOPLIST_FILE = YES;
				INFOPLIST_KEY_UIApplicationSceneManifest_Generation = YES;
				INFOPLIST_KEY_UIApplicationSupportsIndirectInputEvents = YES;
				INFOPLIST_KEY_UILaunchScreen_Generation = YES;
				INFOPLIST_KEY_UISupportedInterfaceOrientations = "UIInterfaceOrientationLandscapeLeft UIInterfaceOrientationLandscapeRight UIInterfaceOrientationPortrait";
				INFOPLIST_KEY_UISupportedInterfaceOrientations_iPad = "UIInterfaceOrientationPortrait UIInterfaceOrientationPortraitUpsideDown UIInterfaceOrientationLandscapeLeft UIInterfaceOrientationLandscapeRight";
				INFOPLIST_KEY_UISupportedInterfaceOrientations_iPhone = "UIInterfaceOrientationPortrait UIInterfaceOrientationLandscapeLeft UIInterfaceOrientationLandscapeRight";
				LD_RUNPATH_SEARCH_PATHS = (
					"$(inherited)",
					"@executable_path/Frameworks",
				);
				MARKETING_VERSION = 1.0;
				PRODUCT_BUNDLE_IDENTIFIER = huyne.ChinesePoker2;
				PRODUCT_NAME = "$(TARGET_NAME)";
				SWIFT_EMIT_LOC_STRINGS = YES;
				SWIFT_VERSION = 5.0;
				TARGETED_DEVICE_FAMILY = "1,2";
			};
			name = Release;
		};
/* End XCBuildConfiguration section */

/* Begin XCConfigurationList section */
		44BA413328B36F4D00709ADA /* Build configuration list for PBXProject "ChinesePoker2" */ = {
			isa = XCConfigurationList;
			buildConfigurations = (
				44BA414428B36F4F00709ADA /* Debug */,
				44BA414528B36F4F00709ADA /* Release */,
			);
			defaultConfigurationIsVisible = 0;
			defaultConfigurationName = Release;
		};
		44BA414628B36F4F00709ADA /* Build configuration list for PBXNativeTarget "ChinesePoker2" */ = {
			isa = XCConfigurationList;
			buildConfigurations = (
				44BA414728B36F4F00709ADA /* Debug */,
				44BA414828B36F4F00709ADA /* Release */,
			);
			defaultConfigurationIsVisible = 0;
			defaultConfigurationName = Release;
		};
/* End XCConfigurationList section */
	};
	rootObject = 44BA413028B36F4D00709ADA /* Project object */;
}
